// !$*UTF8*$!
{
	archiveVersion = 1;
	classes = {
	};
	objectVersion = 46;
	objects = {

/* Begin PBXBuildFile section */
		DF95D1921EBB43430098B5AA /* main.m in Sources */ = {isa = PBXBuildFile; fileRef = DF95D1911EBB43430098B5AA /* main.m */; };
		DF95D1951EBB43430098B5AA /* AppDelegate.m in Sources */ = {isa = PBXBuildFile; fileRef = DF95D1941EBB43430098B5AA /* AppDelegate.m */; };
		DF95D1981EBB43430098B5AA /* ViewController.m in Sources */ = {isa = PBXBuildFile; fileRef = DF95D1971EBB43430098B5AA /* ViewController.m */; };
		DF95D19B1EBB43430098B5AA /* Main.storyboard in Resources */ = {isa = PBXBuildFile; fileRef = DF95D1991EBB43430098B5AA /* Main.storyboard */; };
		DF95D19D1EBB43430098B5AA /* Assets.xcassets in Resources */ = {isa = PBXBuildFile; fileRef = DF95D19C1EBB43430098B5AA /* Assets.xcassets */; };
		DF95D1A01EBB43430098B5AA /* LaunchScreen.storyboard in Resources */ = {isa = PBXBuildFile; fileRef = DF95D19E1EBB43430098B5AA /* LaunchScreen.storyboard */; };
		DF95D1AA1EBB44B10098B5AA /* DownloadOperation.m in Sources */ = {isa = PBXBuildFile; fileRef = DF95D1A91EBB44B10098B5AA /* DownloadOperation.m */; };
		DF95D1E21EBB4E9C0098B5AA /* AFHTTPSessionManager.m in Sources */ = {isa = PBXBuildFile; fileRef = DF95D1AE1EBB4E9C0098B5AA /* AFHTTPSessionManager.m */; };
		DF95D1E31EBB4E9C0098B5AA /* AFNetworkReachabilityManager.m in Sources */ = {isa = PBXBuildFile; fileRef = DF95D1B11EBB4E9C0098B5AA /* AFNetworkReachabilityManager.m */; };
		DF95D1E41EBB4E9C0098B5AA /* AFSecurityPolicy.m in Sources */ = {isa = PBXBuildFile; fileRef = DF95D1B31EBB4E9C0098B5AA /* AFSecurityPolicy.m */; };
		DF95D1E51EBB4E9C0098B5AA /* AFURLRequestSerialization.m in Sources */ = {isa = PBXBuildFile; fileRef = DF95D1B51EBB4E9C0098B5AA /* AFURLRequestSerialization.m */; };
		DF95D1E61EBB4E9C0098B5AA /* AFURLResponseSerialization.m in Sources */ = {isa = PBXBuildFile; fileRef = DF95D1B71EBB4E9C0098B5AA /* AFURLResponseSerialization.m */; };
		DF95D1E71EBB4E9C0098B5AA /* AFURLSessionManager.m in Sources */ = {isa = PBXBuildFile; fileRef = DF95D1B91EBB4E9C0098B5AA /* AFURLSessionManager.m */; };
		DF95D1E81EBB4E9C0098B5AA /* MKAnnotationView+WebCache.m in Sources */ = {isa = PBXBuildFile; fileRef = DF95D1BC1EBB4E9C0098B5AA /* MKAnnotationView+WebCache.m */; };
		DF95D1E91EBB4E9C0098B5AA /* NSData+ImageContentType.m in Sources */ = {isa = PBXBuildFile; fileRef = DF95D1BE1EBB4E9C0098B5AA /* NSData+ImageContentType.m */; };
		DF95D1EA1EBB4E9C0098B5AA /* SDImageCache.m in Sources */ = {isa = PBXBuildFile; fileRef = DF95D1C01EBB4E9C0098B5AA /* SDImageCache.m */; };
		DF95D1EB1EBB4E9C0098B5AA /* SDWebImageCompat.m in Sources */ = {isa = PBXBuildFile; fileRef = DF95D1C21EBB4E9C0098B5AA /* SDWebImageCompat.m */; };
		DF95D1EC1EBB4E9C0098B5AA /* SDWebImageDecoder.m in Sources */ = {isa = PBXBuildFile; fileRef = DF95D1C41EBB4E9C0098B5AA /* SDWebImageDecoder.m */; };
		DF95D1ED1EBB4E9C0098B5AA /* SDWebImageDownloader.m in Sources */ = {isa = PBXBuildFile; fileRef = DF95D1C61EBB4E9C0098B5AA /* SDWebImageDownloader.m */; };
		DF95D1EE1EBB4E9C0098B5AA /* SDWebImageDownloaderOperation.m in Sources */ = {isa = PBXBuildFile; fileRef = DF95D1C81EBB4E9C0098B5AA /* SDWebImageDownloaderOperation.m */; };
		DF95D1EF1EBB4E9C0098B5AA /* SDWebImageManager.m in Sources */ = {isa = PBXBuildFile; fileRef = DF95D1CA1EBB4E9C0098B5AA /* SDWebImageManager.m */; };
		DF95D1F01EBB4E9C0098B5AA /* SDWebImagePrefetcher.m in Sources */ = {isa = PBXBuildFile; fileRef = DF95D1CD1EBB4E9C0098B5AA /* SDWebImagePrefetcher.m */; };
		DF95D1F11EBB4E9C0098B5AA /* UIButton+WebCache.m in Sources */ = {isa = PBXBuildFile; fileRef = DF95D1CF1EBB4E9C0098B5AA /* UIButton+WebCache.m */; };
		DF95D1F21EBB4E9C0098B5AA /* UIImage+GIF.m in Sources */ = {isa = PBXBuildFile; fileRef = DF95D1D11EBB4E9C0098B5AA /* UIImage+GIF.m */; };
		DF95D1F31EBB4E9C0098B5AA /* UIImage+MultiFormat.m in Sources */ = {isa = PBXBuildFile; fileRef = DF95D1D31EBB4E9C0098B5AA /* UIImage+MultiFormat.m */; };
		DF95D1F41EBB4E9C0098B5AA /* UIImage+WebP.m in Sources */ = {isa = PBXBuildFile; fileRef = DF95D1D51EBB4E9C0098B5AA /* UIImage+WebP.m */; };
		DF95D1F51EBB4E9C0098B5AA /* UIImageView+HighlightedWebCache.m in Sources */ = {isa = PBXBuildFile; fileRef = DF95D1D71EBB4E9C0098B5AA /* UIImageView+HighlightedWebCache.m */; };
		DF95D1F61EBB4E9C0098B5AA /* UIImageView+WebCache.m in Sources */ = {isa = PBXBuildFile; fileRef = DF95D1D91EBB4E9C0098B5AA /* UIImageView+WebCache.m */; };
		DF95D1F71EBB4E9C0098B5AA /* UIView+WebCacheOperation.m in Sources */ = {isa = PBXBuildFile; fileRef = DF95D1DB1EBB4E9C0098B5AA /* UIView+WebCacheOperation.m */; };
		DF95D1F81EBB4E9C0098B5AA /* NSObject+YYModel.m in Sources */ = {isa = PBXBuildFile; fileRef = DF95D1DE1EBB4E9C0098B5AA /* NSObject+YYModel.m */; };
		DF95D1F91EBB4E9C0098B5AA /* YYClassInfo.m in Sources */ = {isa = PBXBuildFile; fileRef = DF95D1E01EBB4E9C0098B5AA /* YYClassInfo.m */; };
		DF95D1FC1EBB4F500098B5AA /* APPModel.m in Sources */ = {isa = PBXBuildFile; fileRef = DF95D1FB1EBB4F500098B5AA /* APPModel.m */; };
		DF95D1FF1EBB59AD0098B5AA /* DownloadOperationManager.m in Sources */ = {isa = PBXBuildFile; fileRef = DF95D1FE1EBB59AD0098B5AA /* DownloadOperationManager.m */; };
/* End PBXBuildFile section */

/* Begin PBXFileReference section */
		DF95D18D1EBB43430098B5AA /* SDImage.app */ = {isa = PBXFileReference; explicitFileType = wrapper.application; includeInIndex = 0; path = SDImage.app; sourceTree = BUILT_PRODUCTS_DIR; };
		DF95D1911EBB43430098B5AA /* main.m */ = {isa = PBXFileReference; lastKnownFileType = sourcecode.c.objc; path = main.m; sourceTree = "<group>"; };
		DF95D1931EBB43430098B5AA /* AppDelegate.h */ = {isa = PBXFileReference; lastKnownFileType = sourcecode.c.h; path = AppDelegate.h; sourceTree = "<group>"; };
		DF95D1941EBB43430098B5AA /* AppDelegate.m */ = {isa = PBXFileReference; lastKnownFileType = sourcecode.c.objc; path = AppDelegate.m; sourceTree = "<group>"; };
		DF95D1961EBB43430098B5AA /* ViewController.h */ = {isa = PBXFileReference; lastKnownFileType = sourcecode.c.h; path = ViewController.h; sourceTree = "<group>"; };
		DF95D1971EBB43430098B5AA /* ViewController.m */ = {isa = PBXFileReference; lastKnownFileType = sourcecode.c.objc; path = ViewController.m; sourceTree = "<group>"; };
		DF95D19A1EBB43430098B5AA /* Base */ = {isa = PBXFileReference; lastKnownFileType = file.storyboard; name = Base; path = Base.lproj/Main.storyboard; sourceTree = "<group>"; };
		DF95D19C1EBB43430098B5AA /* Assets.xcassets */ = {isa = PBXFileReference; lastKnownFileType = folder.assetcatalog; path = Assets.xcassets; sourceTree = "<group>"; };
		DF95D19F1EBB43430098B5AA /* Base */ = {isa = PBXFileReference; lastKnownFileType = file.storyboard; name = Base; path = Base.lproj/LaunchScreen.storyboard; sourceTree = "<group>"; };
		DF95D1A11EBB43430098B5AA /* Info.plist */ = {isa = PBXFileReference; lastKnownFileType = text.plist.xml; path = Info.plist; sourceTree = "<group>"; };
		DF95D1A81EBB44B10098B5AA /* DownloadOperation.h */ = {isa = PBXFileReference; fileEncoding = 4; lastKnownFileType = sourcecode.c.h; path = DownloadOperation.h; sourceTree = "<group>"; };
		DF95D1A91EBB44B10098B5AA /* DownloadOperation.m */ = {isa = PBXFileReference; fileEncoding = 4; lastKnownFileType = sourcecode.c.objc; path = DownloadOperation.m; sourceTree = "<group>"; };
		DF95D1AD1EBB4E9C0098B5AA /* AFHTTPSessionManager.h */ = {isa = PBXFileReference; fileEncoding = 4; lastKnownFileType = sourcecode.c.h; path = AFHTTPSessionManager.h; sourceTree = "<group>"; };
		DF95D1AE1EBB4E9C0098B5AA /* AFHTTPSessionManager.m */ = {isa = PBXFileReference; fileEncoding = 4; lastKnownFileType = sourcecode.c.objc; path = AFHTTPSessionManager.m; sourceTree = "<group>"; };
		DF95D1AF1EBB4E9C0098B5AA /* AFNetworking.h */ = {isa = PBXFileReference; fileEncoding = 4; lastKnownFileType = sourcecode.c.h; path = AFNetworking.h; sourceTree = "<group>"; };
		DF95D1B01EBB4E9C0098B5AA /* AFNetworkReachabilityManager.h */ = {isa = PBXFileReference; fileEncoding = 4; lastKnownFileType = sourcecode.c.h; path = AFNetworkReachabilityManager.h; sourceTree = "<group>"; };
		DF95D1B11EBB4E9C0098B5AA /* AFNetworkReachabilityManager.m */ = {isa = PBXFileReference; fileEncoding = 4; lastKnownFileType = sourcecode.c.objc; path = AFNetworkReachabilityManager.m; sourceTree = "<group>"; };
		DF95D1B21EBB4E9C0098B5AA /* AFSecurityPolicy.h */ = {isa = PBXFileReference; fileEncoding = 4; lastKnownFileType = sourcecode.c.h; path = AFSecurityPolicy.h; sourceTree = "<group>"; };
		DF95D1B31EBB4E9C0098B5AA /* AFSecurityPolicy.m */ = {isa = PBXFileReference; fileEncoding = 4; lastKnownFileType = sourcecode.c.objc; path = AFSecurityPolicy.m; sourceTree = "<group>"; };
		DF95D1B41EBB4E9C0098B5AA /* AFURLRequestSerialization.h */ = {isa = PBXFileReference; fileEncoding = 4; lastKnownFileType = sourcecode.c.h; path = AFURLRequestSerialization.h; sourceTree = "<group>"; };
		DF95D1B51EBB4E9C0098B5AA /* AFURLRequestSerialization.m */ = {isa = PBXFileReference; fileEncoding = 4; lastKnownFileType = sourcecode.c.objc; path = AFURLRequestSerialization.m; sourceTree = "<group>"; };
		DF95D1B61EBB4E9C0098B5AA /* AFURLResponseSerialization.h */ = {isa = PBXFileReference; fileEncoding = 4; lastKnownFileType = sourcecode.c.h; path = AFURLResponseSerialization.h; sourceTree = "<group>"; };
		DF95D1B71EBB4E9C0098B5AA /* AFURLResponseSerialization.m */ = {isa = PBXFileReference; fileEncoding = 4; lastKnownFileType = sourcecode.c.objc; path = AFURLResponseSerialization.m; sourceTree = "<group>"; };
		DF95D1B81EBB4E9C0098B5AA /* AFURLSessionManager.h */ = {isa = PBXFileReference; fileEncoding = 4; lastKnownFileType = sourcecode.c.h; path = AFURLSessionManager.h; sourceTree = "<group>"; };
		DF95D1B91EBB4E9C0098B5AA /* AFURLSessionManager.m */ = {isa = PBXFileReference; fileEncoding = 4; lastKnownFileType = sourcecode.c.objc; path = AFURLSessionManager.m; sourceTree = "<group>"; };
		DF95D1BB1EBB4E9C0098B5AA /* MKAnnotationView+WebCache.h */ = {isa = PBXFileReference; fileEncoding = 4; lastKnownFileType = sourcecode.c.h; path = "MKAnnotationView+WebCache.h"; sourceTree = "<group>"; };
		DF95D1BC1EBB4E9C0098B5AA /* MKAnnotationView+WebCache.m */ = {isa = PBXFileReference; fileEncoding = 4; lastKnownFileType = sourcecode.c.objc; path = "MKAnnotationView+WebCache.m"; sourceTree = "<group>"; };
		DF95D1BD1EBB4E9C0098B5AA /* NSData+ImageContentType.h */ = {isa = PBXFileReference; fileEncoding = 4; lastKnownFileType = sourcecode.c.h; path = "NSData+ImageContentType.h"; sourceTree = "<group>"; };
		DF95D1BE1EBB4E9C0098B5AA /* NSData+ImageContentType.m */ = {isa = PBXFileReference; fileEncoding = 4; lastKnownFileType = sourcecode.c.objc; path = "NSData+ImageContentType.m"; sourceTree = "<group>"; };
		DF95D1BF1EBB4E9C0098B5AA /* SDImageCache.h */ = {isa = PBXFileReference; fileEncoding = 4; lastKnownFileType = sourcecode.c.h; path = SDImageCache.h; sourceTree = "<group>"; };
		DF95D1C01EBB4E9C0098B5AA /* SDImageCache.m */ = {isa = PBXFileReference; fileEncoding = 4; lastKnownFileType = sourcecode.c.objc; path = SDImageCache.m; sourceTree = "<group>"; };
		DF95D1C11EBB4E9C0098B5AA /* SDWebImageCompat.h */ = {isa = PBXFileReference; fileEncoding = 4; lastKnownFileType = sourcecode.c.h; path = SDWebImageCompat.h; sourceTree = "<group>"; };
		DF95D1C21EBB4E9C0098B5AA /* SDWebImageCompat.m */ = {isa = PBXFileReference; fileEncoding = 4; lastKnownFileType = sourcecode.c.objc; path = SDWebImageCompat.m; sourceTree = "<group>"; };
		DF95D1C31EBB4E9C0098B5AA /* SDWebImageDecoder.h */ = {isa = PBXFileReference; fileEncoding = 4; lastKnownFileType = sourcecode.c.h; path = SDWebImageDecoder.h; sourceTree = "<group>"; };
		DF95D1C41EBB4E9C0098B5AA /* SDWebImageDecoder.m */ = {isa = PBXFileReference; fileEncoding = 4; lastKnownFileType = sourcecode.c.objc; path = SDWebImageDecoder.m; sourceTree = "<group>"; };
		DF95D1C51EBB4E9C0098B5AA /* SDWebImageDownloader.h */ = {isa = PBXFileReference; fileEncoding = 4; lastKnownFileType = sourcecode.c.h; path = SDWebImageDownloader.h; sourceTree = "<group>"; };
		DF95D1C61EBB4E9C0098B5AA /* SDWebImageDownloader.m */ = {isa = PBXFileReference; fileEncoding = 4; lastKnownFileType = sourcecode.c.objc; path = SDWebImageDownloader.m; sourceTree = "<group>"; };
		DF95D1C71EBB4E9C0098B5AA /* SDWebImageDownloaderOperation.h */ = {isa = PBXFileReference; fileEncoding = 4; lastKnownFileType = sourcecode.c.h; path = SDWebImageDownloaderOperation.h; sourceTree = "<group>"; };
		DF95D1C81EBB4E9C0098B5AA /* SDWebImageDownloaderOperation.m */ = {isa = PBXFileReference; fileEncoding = 4; lastKnownFileType = sourcecode.c.objc; path = SDWebImageDownloaderOperation.m; sourceTree = "<group>"; };
		DF95D1C91EBB4E9C0098B5AA /* SDWebImageManager.h */ = {isa = PBXFileReference; fileEncoding = 4; lastKnownFileType = sourcecode.c.h; path = SDWebImageManager.h; sourceTree = "<group>"; };
		DF95D1CA1EBB4E9C0098B5AA /* SDWebImageManager.m */ = {isa = PBXFileReference; fileEncoding = 4; lastKnownFileType = sourcecode.c.objc; path = SDWebImageManager.m; sourceTree = "<group>"; };
		DF95D1CB1EBB4E9C0098B5AA /* SDWebImageOperation.h */ = {isa = PBXFileReference; fileEncoding = 4; lastKnownFileType = sourcecode.c.h; path = SDWebImageOperation.h; sourceTree = "<group>"; };
		DF95D1CC1EBB4E9C0098B5AA /* SDWebImagePrefetcher.h */ = {isa = PBXFileReference; fileEncoding = 4; lastKnownFileType = sourcecode.c.h; path = SDWebImagePrefetcher.h; sourceTree = "<group>"; };
		DF95D1CD1EBB4E9C0098B5AA /* SDWebImagePrefetcher.m */ = {isa = PBXFileReference; fileEncoding = 4; lastKnownFileType = sourcecode.c.objc; path = SDWebImagePrefetcher.m; sourceTree = "<group>"; };
		DF95D1CE1EBB4E9C0098B5AA /* UIButton+WebCache.h */ = {isa = PBXFileReference; fileEncoding = 4; lastKnownFileType = sourcecode.c.h; path = "UIButton+WebCache.h"; sourceTree = "<group>"; };
		DF95D1CF1EBB4E9C0098B5AA /* UIButton+WebCache.m */ = {isa = PBXFileReference; fileEncoding = 4; lastKnownFileType = sourcecode.c.objc; path = "UIButton+WebCache.m"; sourceTree = "<group>"; };
		DF95D1D01EBB4E9C0098B5AA /* UIImage+GIF.h */ = {isa = PBXFileReference; fileEncoding = 4; lastKnownFileType = sourcecode.c.h; path = "UIImage+GIF.h"; sourceTree = "<group>"; };
		DF95D1D11EBB4E9C0098B5AA /* UIImage+GIF.m */ = {isa = PBXFileReference; fileEncoding = 4; lastKnownFileType = sourcecode.c.objc; path = "UIImage+GIF.m"; sourceTree = "<group>"; };
		DF95D1D21EBB4E9C0098B5AA /* UIImage+MultiFormat.h */ = {isa = PBXFileReference; fileEncoding = 4; lastKnownFileType = sourcecode.c.h; path = "UIImage+MultiFormat.h"; sourceTree = "<group>"; };
		DF95D1D31EBB4E9C0098B5AA /* UIImage+MultiFormat.m */ = {isa = PBXFileReference; fileEncoding = 4; lastKnownFileType = sourcecode.c.objc; path = "UIImage+MultiFormat.m"; sourceTree = "<group>"; };
		DF95D1D41EBB4E9C0098B5AA /* UIImage+WebP.h */ = {isa = PBXFileReference; fileEncoding = 4; lastKnownFileType = sourcecode.c.h; path = "UIImage+WebP.h"; sourceTree = "<group>"; };
		DF95D1D51EBB4E9C0098B5AA /* UIImage+WebP.m */ = {isa = PBXFileReference; fileEncoding = 4; lastKnownFileType = sourcecode.c.objc; path = "UIImage+WebP.m"; sourceTree = "<group>"; };
		DF95D1D61EBB4E9C0098B5AA /* UIImageView+HighlightedWebCache.h */ = {isa = PBXFileReference; fileEncoding = 4; lastKnownFileType = sourcecode.c.h; path = "UIImageView+HighlightedWebCache.h"; sourceTree = "<group>"; };
		DF95D1D71EBB4E9C0098B5AA /* UIImageView+HighlightedWebCache.m */ = {isa = PBXFileReference; fileEncoding = 4; lastKnownFileType = sourcecode.c.objc; path = "UIImageView+HighlightedWebCache.m"; sourceTree = "<group>"; };
		DF95D1D81EBB4E9C0098B5AA /* UIImageView+WebCache.h */ = {isa = PBXFileReference; fileEncoding = 4; lastKnownFileType = sourcecode.c.h; path = "UIImageView+WebCache.h"; sourceTree = "<group>"; };
		DF95D1D91EBB4E9C0098B5AA /* UIImageView+WebCache.m */ = {isa = PBXFileReference; fileEncoding = 4; lastKnownFileType = sourcecode.c.objc; path = "UIImageView+WebCache.m"; sourceTree = "<group>"; };
		DF95D1DA1EBB4E9C0098B5AA /* UIView+WebCacheOperation.h */ = {isa = PBXFileReference; fileEncoding = 4; lastKnownFileType = sourcecode.c.h; path = "UIView+WebCacheOperation.h"; sourceTree = "<group>"; };
		DF95D1DB1EBB4E9C0098B5AA /* UIView+WebCacheOperation.m */ = {isa = PBXFileReference; fileEncoding = 4; lastKnownFileType = sourcecode.c.objc; path = "UIView+WebCacheOperation.m"; sourceTree = "<group>"; };
		DF95D1DD1EBB4E9C0098B5AA /* NSObject+YYModel.h */ = {isa = PBXFileReference; fileEncoding = 4; lastKnownFileType = sourcecode.c.h; path = "NSObject+YYModel.h"; sourceTree = "<group>"; };
		DF95D1DE1EBB4E9C0098B5AA /* NSObject+YYModel.m */ = {isa = PBXFileReference; fileEncoding = 4; lastKnownFileType = sourcecode.c.objc; path = "NSObject+YYModel.m"; sourceTree = "<group>"; };
		DF95D1DF1EBB4E9C0098B5AA /* YYClassInfo.h */ = {isa = PBXFileReference; fileEncoding = 4; lastKnownFileType = sourcecode.c.h; path = YYClassInfo.h; sourceTree = "<group>"; };
		DF95D1E01EBB4E9C0098B5AA /* YYClassInfo.m */ = {isa = PBXFileReference; fileEncoding = 4; lastKnownFileType = sourcecode.c.objc; path = YYClassInfo.m; sourceTree = "<group>"; };
		DF95D1E11EBB4E9C0098B5AA /* YYModel.h */ = {isa = PBXFileReference; fileEncoding = 4; lastKnownFileType = sourcecode.c.h; path = YYModel.h; sourceTree = "<group>"; };
		DF95D1FA1EBB4F500098B5AA /* APPModel.h */ = {isa = PBXFileReference; fileEncoding = 4; lastKnownFileType = sourcecode.c.h; path = APPModel.h; sourceTree = "<group>"; };
		DF95D1FB1EBB4F500098B5AA /* APPModel.m */ = {isa = PBXFileReference; fileEncoding = 4; lastKnownFileType = sourcecode.c.objc; path = APPModel.m; sourceTree = "<group>"; };
		DF95D1FD1EBB59AD0098B5AA /* DownloadOperationManager.h */ = {isa = PBXFileReference; fileEncoding = 4; lastKnownFileType = sourcecode.c.h; path = DownloadOperationManager.h; sourceTree = "<group>"; };
		DF95D1FE1EBB59AD0098B5AA /* DownloadOperationManager.m */ = {isa = PBXFileReference; fileEncoding = 4; lastKnownFileType = sourcecode.c.objc; path = DownloadOperationManager.m; sourceTree = "<group>"; };
/* End PBXFileReference section */

/* Begin PBXFrameworksBuildPhase section */
		DF95D18A1EBB43430098B5AA /* Frameworks */ = {
			isa = PBXFrameworksBuildPhase;
			buildActionMask = 2147483647;
			files = (
			);
			runOnlyForDeploymentPostprocessing = 0;
		};
/* End PBXFrameworksBuildPhase section */

/* Begin PBXGroup section */
		DF95D1841EBB43430098B5AA = {
			isa = PBXGroup;
			children = (
				DF95D18F1EBB43430098B5AA /* SDImage */,
				DF95D18E1EBB43430098B5AA /* Products */,
			);
			sourceTree = "<group>";
		};
		DF95D18E1EBB43430098B5AA /* Products */ = {
			isa = PBXGroup;
			children = (
				DF95D18D1EBB43430098B5AA /* SDImage.app */,
			);
			name = Products;
			sourceTree = "<group>";
		};
		DF95D18F1EBB43430098B5AA /* SDImage */ = {
			isa = PBXGroup;
			children = (
				DF95D1AB1EBB4E9C0098B5AA /* ThirdLib */,
				DF95D1A71EBB44840098B5AA /* HZFWebImage */,
				DF95D1931EBB43430098B5AA /* AppDelegate.h */,
				DF95D1941EBB43430098B5AA /* AppDelegate.m */,
				DF95D1961EBB43430098B5AA /* ViewController.h */,
				DF95D1971EBB43430098B5AA /* ViewController.m */,
				DF95D1FA1EBB4F500098B5AA /* APPModel.h */,
				DF95D1FB1EBB4F500098B5AA /* APPModel.m */,
				DF95D1991EBB43430098B5AA /* Main.storyboard */,
				DF95D19C1EBB43430098B5AA /* Assets.xcassets */,
				DF95D19E1EBB43430098B5AA /* LaunchScreen.storyboard */,
				DF95D1A11EBB43430098B5AA /* Info.plist */,
				DF95D1901EBB43430098B5AA /* Supporting Files */,
			);
			path = SDImage;
			sourceTree = "<group>";
		};
		DF95D1901EBB43430098B5AA /* Supporting Files */ = {
			isa = PBXGroup;
			children = (
				DF95D1911EBB43430098B5AA /* main.m */,
			);
			name = "Supporting Files";
			sourceTree = "<group>";
		};
		DF95D1A71EBB44840098B5AA /* HZFWebImage */ = {
			isa = PBXGroup;
			children = (
				DF95D1A81EBB44B10098B5AA /* DownloadOperation.h */,
				DF95D1A91EBB44B10098B5AA /* DownloadOperation.m */,
				DF95D1FD1EBB59AD0098B5AA /* DownloadOperationManager.h */,
				DF95D1FE1EBB59AD0098B5AA /* DownloadOperationManager.m */,
			);
			path = HZFWebImage;
			sourceTree = "<group>";
		};
		DF95D1AB1EBB4E9C0098B5AA /* ThirdLib */ = {
			isa = PBXGroup;
			children = (
				DF95D1AC1EBB4E9C0098B5AA /* AFNetworking */,
				DF95D1BA1EBB4E9C0098B5AA /* SDWebImage */,
				DF95D1DC1EBB4E9C0098B5AA /* YYModel */,
			);
			path = ThirdLib;
			sourceTree = "<group>";
		};
		DF95D1AC1EBB4E9C0098B5AA /* AFNetworking */ = {
			isa = PBXGroup;
			children = (
				DF95D1AD1EBB4E9C0098B5AA /* AFHTTPSessionManager.h */,
				DF95D1AE1EBB4E9C0098B5AA /* AFHTTPSessionManager.m */,
				DF95D1AF1EBB4E9C0098B5AA /* AFNetworking.h */,
				DF95D1B01EBB4E9C0098B5AA /* AFNetworkReachabilityManager.h */,
				DF95D1B11EBB4E9C0098B5AA /* AFNetworkReachabilityManager.m */,
				DF95D1B21EBB4E9C0098B5AA /* AFSecurityPolicy.h */,
				DF95D1B31EBB4E9C0098B5AA /* AFSecurityPolicy.m */,
				DF95D1B41EBB4E9C0098B5AA /* AFURLRequestSerialization.h */,
				DF95D1B51EBB4E9C0098B5AA /* AFURLRequestSerialization.m */,
				DF95D1B61EBB4E9C0098B5AA /* AFURLResponseSerialization.h */,
				DF95D1B71EBB4E9C0098B5AA /* AFURLResponseSerialization.m */,
				DF95D1B81EBB4E9C0098B5AA /* AFURLSessionManager.h */,
				DF95D1B91EBB4E9C0098B5AA /* AFURLSessionManager.m */,
			);
			path = AFNetworking;
			sourceTree = "<group>";
		};
		DF95D1BA1EBB4E9C0098B5AA /* SDWebImage */ = {
			isa = PBXGroup;
			children = (
				DF95D1BB1EBB4E9C0098B5AA /* MKAnnotationView+WebCache.h */,
				DF95D1BC1EBB4E9C0098B5AA /* MKAnnotationView+WebCache.m */,
				DF95D1BD1EBB4E9C0098B5AA /* NSData+ImageContentType.h */,
				DF95D1BE1EBB4E9C0098B5AA /* NSData+ImageContentType.m */,
				DF95D1BF1EBB4E9C0098B5AA /* SDImageCache.h */,
				DF95D1C01EBB4E9C0098B5AA /* SDImageCache.m */,
				DF95D1C11EBB4E9C0098B5AA /* SDWebImageCompat.h */,
				DF95D1C21EBB4E9C0098B5AA /* SDWebImageCompat.m */,
				DF95D1C31EBB4E9C0098B5AA /* SDWebImageDecoder.h */,
				DF95D1C41EBB4E9C0098B5AA /* SDWebImageDecoder.m */,
				DF95D1C51EBB4E9C0098B5AA /* SDWebImageDownloader.h */,
				DF95D1C61EBB4E9C0098B5AA /* SDWebImageDownloader.m */,
				DF95D1C71EBB4E9C0098B5AA /* SDWebImageDownloaderOperation.h */,
				DF95D1C81EBB4E9C0098B5AA /* SDWebImageDownloaderOperation.m */,
				DF95D1C91EBB4E9C0098B5AA /* SDWebImageManager.h */,
				DF95D1CA1EBB4E9C0098B5AA /* SDWebImageManager.m */,
				DF95D1CB1EBB4E9C0098B5AA /* SDWebImageOperation.h */,
				DF95D1CC1EBB4E9C0098B5AA /* SDWebImagePrefetcher.h */,
				DF95D1CD1EBB4E9C0098B5AA /* SDWebImagePrefetcher.m */,
				DF95D1CE1EBB4E9C0098B5AA /* UIButton+WebCache.h */,
				DF95D1CF1EBB4E9C0098B5AA /* UIButton+WebCache.m */,
				DF95D1D01EBB4E9C0098B5AA /* UIImage+GIF.h */,
				DF95D1D11EBB4E9C0098B5AA /* UIImage+GIF.m */,
				DF95D1D21EBB4E9C0098B5AA /* UIImage+MultiFormat.h */,
				DF95D1D31EBB4E9C0098B5AA /* UIImage+MultiFormat.m */,
				DF95D1D41EBB4E9C0098B5AA /* UIImage+WebP.h */,
				DF95D1D51EBB4E9C0098B5AA /* UIImage+WebP.m */,
				DF95D1D61EBB4E9C0098B5AA /* UIImageView+HighlightedWebCache.h */,
				DF95D1D71EBB4E9C0098B5AA /* UIImageView+HighlightedWebCache.m */,
				DF95D1D81EBB4E9C0098B5AA /* UIImageView+WebCache.h */,
				DF95D1D91EBB4E9C0098B5AA /* UIImageView+WebCache.m */,
				DF95D1DA1EBB4E9C0098B5AA /* UIView+WebCacheOperation.h */,
				DF95D1DB1EBB4E9C0098B5AA /* UIView+WebCacheOperation.m */,
			);
			path = SDWebImage;
			sourceTree = "<group>";
		};
		DF95D1DC1EBB4E9C0098B5AA /* YYModel */ = {
			isa = PBXGroup;
			children = (
				DF95D1DD1EBB4E9C0098B5AA /* NSObject+YYModel.h */,
				DF95D1DE1EBB4E9C0098B5AA /* NSObject+YYModel.m */,
				DF95D1DF1EBB4E9C0098B5AA /* YYClassInfo.h */,
				DF95D1E01EBB4E9C0098B5AA /* YYClassInfo.m */,
				DF95D1E11EBB4E9C0098B5AA /* YYModel.h */,
			);
			path = YYModel;
			sourceTree = "<group>";
		};
/* End PBXGroup section */

/* Begin PBXNativeTarget section */
		DF95D18C1EBB43430098B5AA /* SDImage */ = {
			isa = PBXNativeTarget;
			buildConfigurationList = DF95D1A41EBB43430098B5AA /* Build configuration list for PBXNativeTarget "SDImage" */;
			buildPhases = (
				DF95D1891EBB43430098B5AA /* Sources */,
				DF95D18A1EBB43430098B5AA /* Frameworks */,
				DF95D18B1EBB43430098B5AA /* Resources */,
			);
			buildRules = (
			);
			dependencies = (
			);
			name = SDImage;
			productName = SDImage;
			productReference = DF95D18D1EBB43430098B5AA /* SDImage.app */;
			productType = "com.apple.product-type.application";
		};
/* End PBXNativeTarget section */

/* Begin PBXProject section */
		DF95D1851EBB43430098B5AA /* Project object */ = {
			isa = PBXProject;
			attributes = {
				LastUpgradeCheck = 0820;
				ORGANIZATIONNAME = hugugu;
				TargetAttributes = {
					DF95D18C1EBB43430098B5AA = {
						CreatedOnToolsVersion = 8.2;
						ProvisioningStyle = Automatic;
					};
				};
			};
			buildConfigurationList = DF95D1881EBB43430098B5AA /* Build configuration list for PBXProject "SDImage" */;
			compatibilityVersion = "Xcode 3.2";
			developmentRegion = English;
			hasScannedForEncodings = 0;
			knownRegions = (
				en,
				Base,
			);
			mainGroup = DF95D1841EBB43430098B5AA;
			productRefGroup = DF95D18E1EBB43430098B5AA /* Products */;
			projectDirPath = "";
			projectRoot = "";
			targets = (
				DF95D18C1EBB43430098B5AA /* SDImage */,
			);
		};
/* End PBXProject section */

/* Begin PBXResourcesBuildPhase section */
		DF95D18B1EBB43430098B5AA /* Resources */ = {
			isa = PBXResourcesBuildPhase;
			buildActionMask = 2147483647;
			files = (
				DF95D1A01EBB43430098B5AA /* LaunchScreen.storyboard in Resources */,
				DF95D19D1EBB43430098B5AA /* Assets.xcassets in Resources */,
				DF95D19B1EBB43430098B5AA /* Main.storyboard in Resources */,
			);
			runOnlyForDeploymentPostprocessing = 0;
		};
/* End PBXResourcesBuildPhase section */

/* Begin PBXSourcesBuildPhase section */
		DF95D1891EBB43430098B5AA /* Sources */ = {
			isa = PBXSourcesBuildPhase;
			buildActionMask = 2147483647;
			files = (
				DF95D1F81EBB4E9C0098B5AA /* NSObject+YYModel.m in Sources */,
				DF95D1E41EBB4E9C0098B5AA /* AFSecurityPolicy.m in Sources */,
				DF95D1E81EBB4E9C0098B5AA /* MKAnnotationView+WebCache.m in Sources */,
				DF95D1FF1EBB59AD0098B5AA /* DownloadOperationManager.m in Sources */,
				DF95D1E61EBB4E9C0098B5AA /* AFURLResponseSerialization.m in Sources */,
				DF95D1F01EBB4E9C0098B5AA /* SDWebImagePrefetcher.m in Sources */,
				DF95D1EF1EBB4E9C0098B5AA /* SDWebImageManager.m in Sources */,
				DF95D1981EBB43430098B5AA /* ViewController.m in Sources */,
				DF95D1951EBB43430098B5AA /* AppDelegate.m in Sources */,
				DF95D1F61EBB4E9C0098B5AA /* UIImageView+WebCache.m in Sources */,
				DF95D1EB1EBB4E9C0098B5AA /* SDWebImageCompat.m in Sources */,
				DF95D1E21EBB4E9C0098B5AA /* AFHTTPSessionManager.m in Sources */,
				DF95D1EC1EBB4E9C0098B5AA /* SDWebImageDecoder.m in Sources */,
				DF95D1F31EBB4E9C0098B5AA /* UIImage+MultiFormat.m in Sources */,
				DF95D1F41EBB4E9C0098B5AA /* UIImage+WebP.m in Sources */,
				DF95D1EE1EBB4E9C0098B5AA /* SDWebImageDownloaderOperation.m in Sources */,
				DF95D1F71EBB4E9C0098B5AA /* UIView+WebCacheOperation.m in Sources */,
				DF95D1ED1EBB4E9C0098B5AA /* SDWebImageDownloader.m in Sources */,
				DF95D1F21EBB4E9C0098B5AA /* UIImage+GIF.m in Sources */,
				DF95D1E71EBB4E9C0098B5AA /* AFURLSessionManager.m in Sources */,
				DF95D1921EBB43430098B5AA /* main.m in Sources */,
				DF95D1F91EBB4E9C0098B5AA /* YYClassInfo.m in Sources */,
				DF95D1E31EBB4E9C0098B5AA /* AFNetworkReachabilityManager.m in Sources */,
				DF95D1F51EBB4E9C0098B5AA /* UIImageView+HighlightedWebCache.m in Sources */,
				DF95D1AA1EBB44B10098B5AA /* DownloadOperation.m in Sources */,
				DF95D1FC1EBB4F500098B5AA /* APPModel.m in Sources */,
				DF95D1EA1EBB4E9C0098B5AA /* SDImageCache.m in Sources */,
				DF95D1F11EBB4E9C0098B5AA /* UIButton+WebCache.m in Sources */,
				DF95D1E91EBB4E9C0098B5AA /* NSData+ImageContentType.m in Sources */,
				DF95D1E51EBB4E9C0098B5AA /* AFURLRequestSerialization.m in Sources */,
			);
			runOnlyForDeploymentPostprocessing = 0;
		};
/* End PBXSourcesBuildPhase section */

/* Begin PBXVariantGroup section */
		DF95D1991EBB43430098B5AA /* Main.storyboard */ = {
			isa = PBXVariantGroup;
			children = (
				DF95D19A1EBB43430098B5AA /* Base */,
			);
			name = Main.storyboard;
			sourceTree = "<group>";
		};
		DF95D19E1EBB43430098B5AA /* LaunchScreen.storyboard */ = {
			isa = PBXVariantGroup;
			children = (
				DF95D19F1EBB43430098B5AA /* Base */,
			);
			name = LaunchScreen.storyboard;
			sourceTree = "<group>";
		};
/* End PBXVariantGroup section */

/* Begin XCBuildConfiguration section */
		DF95D1A21EBB43430098B5AA /* Debug */ = {
			isa = XCBuildConfiguration;
			buildSettings = {
				ALWAYS_SEARCH_USER_PATHS = NO;
				CLANG_ANALYZER_NONNULL = YES;
				CLANG_CXX_LANGUAGE_STANDARD = "gnu++0x";
				CLANG_CXX_LIBRARY = "libc++";
				CLANG_ENABLE_MODULES = YES;
				CLANG_ENABLE_OBJC_ARC = YES;
				CLANG_WARN_BOOL_CONVERSION = YES;
				CLANG_WARN_CONSTANT_CONVERSION = YES;
				CLANG_WARN_DIRECT_OBJC_ISA_USAGE = YES_ERROR;
				CLANG_WARN_DOCUMENTATION_COMMENTS = YES;
				CLANG_WARN_EMPTY_BODY = YES;
				CLANG_WARN_ENUM_CONVERSION = YES;
				CLANG_WARN_INFINITE_RECURSION = YES;
				CLANG_WARN_INT_CONVERSION = YES;
				CLANG_WARN_OBJC_ROOT_CLASS = YES_ERROR;
				CLANG_WARN_SUSPICIOUS_MOVE = YES;
				CLANG_WARN_UNREACHABLE_CODE = YES;
				CLANG_WARN__DUPLICATE_METHOD_MATCH = YES;
				"CODE_SIGN_IDENTITY[sdk=iphoneos*]" = "iPhone Developer";
				COPY_PHASE_STRIP = NO;
				DEBUG_INFORMATION_FORMAT = dwarf;
				ENABLE_STRICT_OBJC_MSGSEND = YES;
				ENABLE_TESTABILITY = YES;
				GCC_C_LANGUAGE_STANDARD = gnu99;
				GCC_DYNAMIC_NO_PIC = NO;
				GCC_NO_COMMON_BLOCKS = YES;
				GCC_OPTIMIZATION_LEVEL = 0;
				GCC_PREPROCESSOR_DEFINITIONS = (
					"DEBUG=1",
					"$(inherited)",
				);
				GCC_WARN_64_TO_32_BIT_CONVERSION = YES;
				GCC_WARN_ABOUT_RETURN_TYPE = YES_ERROR;
				GCC_WARN_UNDECLARED_SELECTOR = YES;
				GCC_WARN_UNINITIALIZED_AUTOS = YES_AGGRESSIVE;
				GCC_WARN_UNUSED_FUNCTION = YES;
				GCC_WARN_UNUSED_VARIABLE = YES;
				IPHONEOS_DEPLOYMENT_TARGET = 10.2;
				MTL_ENABLE_DEBUG_INFO = YES;
				ONLY_ACTIVE_ARCH = YES;
				SDKROOT = iphoneos;
			};
			name = Debug;
		};
		DF95D1A31EBB43430098B5AA /* Release */ = {
			isa = XCBuildConfiguration;
			buildSettings = {
				ALWAYS_SEARCH_USER_PATHS = NO;
				CLANG_ANALYZER_NONNULL = YES;
				CLANG_CXX_LANGUAGE_STANDARD = "gnu++0x";
				CLANG_CXX_LIBRARY = "libc++";
				CLANG_ENABLE_MODULES = YES;
				CLANG_ENABLE_OBJC_ARC = YES;
				CLANG_WARN_BOOL_CONVERSION = YES;
				CLANG_WARN_CONSTANT_CONVERSION = YES;
				CLANG_WARN_DIRECT_OBJC_ISA_USAGE = YES_ERROR;
				CLANG_WARN_DOCUMENTATION_COMMENTS = YES;
				CLANG_WARN_EMPTY_BODY = YES;
				CLANG_WARN_ENUM_CONVERSION = YES;
				CLANG_WARN_INFINITE_RECURSION = YES;
				CLANG_WARN_INT_CONVERSION = YES;
				CLANG_WARN_OBJC_ROOT_CLASS = YES_ERROR;
				CLANG_WARN_SUSPICIOUS_MOVE = YES;
				CLANG_WARN_UNREACHABLE_CODE = YES;
				CLANG_WARN__DUPLICATE_METHOD_MATCH = YES;
				"CODE_SIGN_IDENTITY[sdk=iphoneos*]" = "iPhone Developer";
				COPY_PHASE_STRIP = NO;
				DEBUG_INFORMATION_FORMAT = "dwarf-with-dsym";
				ENABLE_NS_ASSERTIONS = NO;
				ENABLE_STRICT_OBJC_MSGSEND = YES;
				GCC_C_LANGUAGE_STANDARD = gnu99;
				GCC_NO_COMMON_BLOCKS = YES;
				GCC_WARN_64_TO_32_BIT_CONVERSION = YES;
				GCC_WARN_ABOUT_RETURN_TYPE = YES_ERROR;
				GCC_WARN_UNDECLARED_SELECTOR = YES;
				GCC_WARN_UNINITIALIZED_AUTOS = YES_AGGRESSIVE;
				GCC_WARN_UNUSED_FUNCTION = YES;
				GCC_WARN_UNUSED_VARIABLE = YES;
				IPHONEOS_DEPLOYMENT_TARGET = 10.2;
				MTL_ENABLE_DEBUG_INFO = NO;
				SDKROOT = iphoneos;
				VALIDATE_PRODUCT = YES;
			};
			name = Release;
		};
		DF95D1A51EBB43430098B5AA /* Debug */ = {
			isa = XCBuildConfiguration;
			buildSettings = {
				ASSETCATALOG_COMPILER_APPICON_NAME = AppIcon;
				INFOPLIST_FILE = SDImage/Info.plist;
				LD_RUNPATH_SEARCH_PATHS = "$(inherited) @executable_path/Frameworks";
				PRODUCT_BUNDLE_IDENTIFIER = cn.hugugu.SDImage;
				PRODUCT_NAME = "$(TARGET_NAME)";
			};
			name = Debug;
		};
		DF95D1A61EBB43430098B5AA /* Release */ = {
			isa = XCBuildConfiguration;
			buildSettings = {
				ASSETCATALOG_COMPILER_APPICON_NAME = AppIcon;
				INFOPLIST_FILE = SDImage/Info.plist;
				LD_RUNPATH_SEARCH_PATHS = "$(inherited) @executable_path/Frameworks";
				PRODUCT_BUNDLE_IDENTIFIER = cn.hugugu.SDImage;
				PRODUCT_NAME = "$(TARGET_NAME)";
			};
			name = Release;
		};
/* End XCBuildConfiguration section */

/* Begin XCConfigurationList section */
		DF95D1881EBB43430098B5AA /* Build configuration list for PBXProject "SDImage" */ = {
			isa = XCConfigurationList;
			buildConfigurations = (
				DF95D1A21EBB43430098B5AA /* Debug */,
				DF95D1A31EBB43430098B5AA /* Release */,
			);
			defaultConfigurationIsVisible = 0;
			defaultConfigurationName = Release;
		};
		DF95D1A41EBB43430098B5AA /* Build configuration list for PBXNativeTarget "SDImage" */ = {
			isa = XCConfigurationList;
			buildConfigurations = (
				DF95D1A51EBB43430098B5AA /* Debug */,
				DF95D1A61EBB43430098B5AA /* Release */,
			);
			defaultConfigurationIsVisible = 0;
		};
/* End XCConfigurationList section */
	};
	rootObject = DF95D1851EBB43430098B5AA /* Project object */;
}
